// !$*UTF8*$!
{
	archiveVersion = 1;
	classes = {
	};
	objectVersion = 50;
	objects = {

/* Begin PBXBuildFile section */
		BA388ADE26BCEF030073E496 /* AppDelegate.swift in Sources */ = {isa = PBXBuildFile; fileRef = BA388ADD26BCEF030073E496 /* AppDelegate.swift */; };
		BA388AE026BCEF030073E496 /* SceneDelegate.swift in Sources */ = {isa = PBXBuildFile; fileRef = BA388ADF26BCEF030073E496 /* SceneDelegate.swift */; };
		BA388AE226BCEF030073E496 /* HomeVC.swift in Sources */ = {isa = PBXBuildFile; fileRef = BA388AE126BCEF030073E496 /* HomeVC.swift */; };
		BA388AE526BCEF030073E496 /* Main.storyboard in Resources */ = {isa = PBXBuildFile; fileRef = BA388AE326BCEF030073E496 /* Main.storyboard */; };
		BA388AE726BCEF060073E496 /* Assets.xcassets in Resources */ = {isa = PBXBuildFile; fileRef = BA388AE626BCEF060073E496 /* Assets.xcassets */; };
		BA388AEA26BCEF060073E496 /* LaunchScreen.storyboard in Resources */ = {isa = PBXBuildFile; fileRef = BA388AE826BCEF060073E496 /* LaunchScreen.storyboard */; };
		CE0AE3AF26BFE35F00D1058B /* AnimalDetailVC.swift in Sources */ = {isa = PBXBuildFile; fileRef = CE0AE3AE26BFE35F00D1058B /* AnimalDetailVC.swift */; };
		CE0AE3B126C061BD00D1058B /* MapVC.swift in Sources */ = {isa = PBXBuildFile; fileRef = CE0AE3B026C061BD00D1058B /* MapVC.swift */; };
		CE0AE3B426C0796300D1058B /* ShelterAnnotationView.swift in Sources */ = {isa = PBXBuildFile; fileRef = CE0AE3B226C0796300D1058B /* ShelterAnnotationView.swift */; };
		CE0AE3B526C0796300D1058B /* ShelterAnnotation.swift in Sources */ = {isa = PBXBuildFile; fileRef = CE0AE3B326C0796300D1058B /* ShelterAnnotation.swift */; };
		CE0AE3B726C0797E00D1058B /* ClusterView.swift in Sources */ = {isa = PBXBuildFile; fileRef = CE0AE3B626C0797E00D1058B /* ClusterView.swift */; };
		CE0AE3B926C079A600D1058B /* Data.plist in Resources */ = {isa = PBXBuildFile; fileRef = CE0AE3B826C079A500D1058B /* Data.plist */; };
		CE0D43F926C6ED2100221319 /* ShelterFavOptionPopUpVC.swift in Sources */ = {isa = PBXBuildFile; fileRef = CE0D43F826C6ED2100221319 /* ShelterFavOptionPopUpVC.swift */; };
		CE0D43FB26C6ED3300221319 /* PetFavOptionPopUpVC.swift in Sources */ = {isa = PBXBuildFile; fileRef = CE0D43FA26C6ED3300221319 /* PetFavOptionPopUpVC.swift */; };
		CE0D43FD26C6FE4700221319 /* FilterItems.swift in Sources */ = {isa = PBXBuildFile; fileRef = CE0D43FC26C6FE4700221319 /* FilterItems.swift */; };
		CE0D4A9026C1CC3D00366CE0 /* SearchVC.swift in Sources */ = {isa = PBXBuildFile; fileRef = CE0D4A8F26C1CC3D00366CE0 /* SearchVC.swift */; };
		CE0FA7E526CFE52E0070DC2B /* Favourite.storyboard in Resources */ = {isa = PBXBuildFile; fileRef = CE0FA7E426CFE52E0070DC2B /* Favourite.storyboard */; };
		CE247A3826C440940075D25B /* DistanceModalVC.swift in Sources */ = {isa = PBXBuildFile; fileRef = CE247A3726C440940075D25B /* DistanceModalVC.swift */; };
		CE247A3A26C440B60075D25B /* AgeModalVC.swift in Sources */ = {isa = PBXBuildFile; fileRef = CE247A3926C440B60075D25B /* AgeModalVC.swift */; };
		CE247A3C26C440DA0075D25B /* BreadModalVC.swift in Sources */ = {isa = PBXBuildFile; fileRef = CE247A3B26C440DA0075D25B /* BreadModalVC.swift */; };
		CE247A3E26C441220075D25B /* SizeModalVC.swift in Sources */ = {isa = PBXBuildFile; fileRef = CE247A3D26C441220075D25B /* SizeModalVC.swift */; };
		CE247A4026C441410075D25B /* GoodWithModalVC.swift in Sources */ = {isa = PBXBuildFile; fileRef = CE247A3F26C441410075D25B /* GoodWithModalVC.swift */; };
		CE247A4226C441730075D25B /* ShelterRescueModalVC.swift in Sources */ = {isa = PBXBuildFile; fileRef = CE247A4126C441730075D25B /* ShelterRescueModalVC.swift */; };
		CE247A4426C4418A0075D25B /* ColarModalVC.swift in Sources */ = {isa = PBXBuildFile; fileRef = CE247A4326C4418A0075D25B /* ColarModalVC.swift */; };
		CE247A4626C441AD0075D25B /* CoatLengthModalVC.swift in Sources */ = {isa = PBXBuildFile; fileRef = CE247A4526C441AD0075D25B /* CoatLengthModalVC.swift */; };
		CE247A4826C44B390075D25B /* PSGEnum.swift in Sources */ = {isa = PBXBuildFile; fileRef = CE247A4726C44B390075D25B /* PSGEnum.swift */; };
		CE247A4A26C467EA0075D25B /* SortModalVC.swift in Sources */ = {isa = PBXBuildFile; fileRef = CE247A4926C467EA0075D25B /* SortModalVC.swift */; };
		CE29F86A26C59ECD008DCA60 /* CreateScheduleModalVC.swift in Sources */ = {isa = PBXBuildFile; fileRef = CE29F86926C59ECD008DCA60 /* CreateScheduleModalVC.swift */; };
		CE29F86E26C5DCA1008DCA60 /* FavoriteVC.swift in Sources */ = {isa = PBXBuildFile; fileRef = CE29F86D26C5DCA1008DCA60 /* FavoriteVC.swift */; };
		CE29F87026C5DCC4008DCA60 /* FavoritePetListVC.swift in Sources */ = {isa = PBXBuildFile; fileRef = CE29F86F26C5DCC4008DCA60 /* FavoritePetListVC.swift */; };
		CE29F87226C5DCD9008DCA60 /* FavoriteShelterListVC.swift in Sources */ = {isa = PBXBuildFile; fileRef = CE29F87126C5DCD9008DCA60 /* FavoriteShelterListVC.swift */; };
		CE57944E26CD8115001BB55B /* AboutMeVC.swift in Sources */ = {isa = PBXBuildFile; fileRef = CE57944D26CD8115001BB55B /* AboutMeVC.swift */; };
		CE57945026CD8FE2001BB55B /* IdealPetVC.swift in Sources */ = {isa = PBXBuildFile; fileRef = CE57944F26CD8FE2001BB55B /* IdealPetVC.swift */; };
		CE69B60026C2989100BDBE57 /* ShelterDetailVC.swift in Sources */ = {isa = PBXBuildFile; fileRef = CE69B5FF26C2989100BDBE57 /* ShelterDetailVC.swift */; };
		CE75838426BEF6430028E99C /* PetTabBarController.swift in Sources */ = {isa = PBXBuildFile; fileRef = CE75838326BEF6430028E99C /* PetTabBarController.swift */; };
		CE75838626BF2D980028E99C /* PetModel.swift in Sources */ = {isa = PBXBuildFile; fileRef = CE75838526BF2D980028E99C /* PetModel.swift */; };
		CE84B0D026C18EB000667594 /* Schedule.swift in Sources */ = {isa = PBXBuildFile; fileRef = CE84B0CF26C18EB000667594 /* Schedule.swift */; };
		CE84B0D226C18F3C00667594 /* Shelter.swift in Sources */ = {isa = PBXBuildFile; fileRef = CE84B0D126C18F3C00667594 /* Shelter.swift */; };
		CE897DAA26C31C6100A33D8E /* OptionVC.swift in Sources */ = {isa = PBXBuildFile; fileRef = CE897DA926C31C6000A33D8E /* OptionVC.swift */; };
		CE96EB6A26C083750071009C /* FilterVC.swift in Sources */ = {isa = PBXBuildFile; fileRef = CE96EB6926C083750071009C /* FilterVC.swift */; };
		CEB0B7D526CC4B5000065F66 /* LoginVC.swift in Sources */ = {isa = PBXBuildFile; fileRef = CEB0B7D426CC4B5000065F66 /* LoginVC.swift */; };
		CEB0B7D726CC588500065F66 /* SignUpVC.swift in Sources */ = {isa = PBXBuildFile; fileRef = CEB0B7D626CC588500065F66 /* SignUpVC.swift */; };
		CEB0B7D926CC631900065F66 /* EditAcountVC.swift in Sources */ = {isa = PBXBuildFile; fileRef = CEB0B7D826CC631900065F66 /* EditAcountVC.swift */; };
		CEB0B7DB26CC6D5100065F66 /* AdopterProfileVC.swift in Sources */ = {isa = PBXBuildFile; fileRef = CEB0B7DA26CC6D5100065F66 /* AdopterProfileVC.swift */; };
		CED6608C26CF046A006EF167 /* IdealPetDetailsVC.swift in Sources */ = {isa = PBXBuildFile; fileRef = CED6608B26CF046A006EF167 /* IdealPetDetailsVC.swift */; };
		CEDF3F8B26C13CAC00057B1F /* AppExtension.swift in Sources */ = {isa = PBXBuildFile; fileRef = CEDF3F8A26C13CAC00057B1F /* AppExtension.swift */; };
		CEDF3F8E26C15EE900057B1F /* Animal.swift in Sources */ = {isa = PBXBuildFile; fileRef = CEDF3F8D26C15EE900057B1F /* Animal.swift */; };
		CEE2788626CC1F1600CAEE85 /* AccountVC.swift in Sources */ = {isa = PBXBuildFile; fileRef = CEE2788526CC1F1600CAEE85 /* AccountVC.swift */; };
		CEE2788A26CC32AE00CAEE85 /* SignInModalVC.swift in Sources */ = {isa = PBXBuildFile; fileRef = CEE2788926CC32AE00CAEE85 /* SignInModalVC.swift */; };
		CEE2788C26CC397600CAEE85 /* SettingInfoVC.swift in Sources */ = {isa = PBXBuildFile; fileRef = CEE2788B26CC397600CAEE85 /* SettingInfoVC.swift */; };
		CEE3528E26C84FDF00C3B377 /* Schedule.storyboard in Resources */ = {isa = PBXBuildFile; fileRef = CEE3528D26C84FDF00C3B377 /* Schedule.storyboard */; };
		CEE3529026C8505800C3B377 /* GConstants.swift in Sources */ = {isa = PBXBuildFile; fileRef = CEE3528F26C8505800C3B377 /* GConstants.swift */; };
		CEE3529326C856A800C3B377 /* ScheduleList.swift in Sources */ = {isa = PBXBuildFile; fileRef = CEE3529226C856A800C3B377 /* ScheduleList.swift */; };
		CEE3529726C856E100C3B377 /* ScheduleVC.swift in Sources */ = {isa = PBXBuildFile; fileRef = CEE3529626C856E100C3B377 /* ScheduleVC.swift */; };
		CEE3529A26C8658500C3B377 /* ScheduleOptionVC.swift in Sources */ = {isa = PBXBuildFile; fileRef = CEE3529926C8658500C3B377 /* ScheduleOptionVC.swift */; };
		CEE3529C26C8692C00C3B377 /* Home.storyboard in Resources */ = {isa = PBXBuildFile; fileRef = CEE3529B26C8692C00C3B377 /* Home.storyboard */; };
		CEE3529E26C8693B00C3B377 /* Account.storyboard in Resources */ = {isa = PBXBuildFile; fileRef = CEE3529D26C8693B00C3B377 /* Account.storyboard */; };
		CEE352A026C86AB100C3B377 /* ScheduleDetailVC.swift in Sources */ = {isa = PBXBuildFile; fileRef = CEE3529F26C86AB100C3B377 /* ScheduleDetailVC.swift */; };
		CEE352A226C87F6200C3B377 /* ConfirmScheduleVC.swift in Sources */ = {isa = PBXBuildFile; fileRef = CEE352A126C87F6200C3B377 /* ConfirmScheduleVC.swift */; };
/* End PBXBuildFile section */

/* Begin PBXFileReference section */
		BA388ADA26BCEF030073E496 /* PetSupportApp.app */ = {isa = PBXFileReference; explicitFileType = wrapper.application; includeInIndex = 0; path = PetSupportApp.app; sourceTree = BUILT_PRODUCTS_DIR; };
		BA388ADD26BCEF030073E496 /* AppDelegate.swift */ = {isa = PBXFileReference; lastKnownFileType = sourcecode.swift; path = AppDelegate.swift; sourceTree = "<group>"; };
		BA388ADF26BCEF030073E496 /* SceneDelegate.swift */ = {isa = PBXFileReference; lastKnownFileType = sourcecode.swift; path = SceneDelegate.swift; sourceTree = "<group>"; };
		BA388AE126BCEF030073E496 /* HomeVC.swift */ = {isa = PBXFileReference; lastKnownFileType = sourcecode.swift; path = HomeVC.swift; sourceTree = "<group>"; };
		BA388AE426BCEF030073E496 /* Base */ = {isa = PBXFileReference; lastKnownFileType = file.storyboard; name = Base; path = Base.lproj/Main.storyboard; sourceTree = "<group>"; };
		BA388AE626BCEF060073E496 /* Assets.xcassets */ = {isa = PBXFileReference; lastKnownFileType = folder.assetcatalog; path = Assets.xcassets; sourceTree = "<group>"; };
		BA388AE926BCEF060073E496 /* Base */ = {isa = PBXFileReference; lastKnownFileType = file.storyboard; name = Base; path = Base.lproj/LaunchScreen.storyboard; sourceTree = "<group>"; };
		BA388AEB26BCEF060073E496 /* Info.plist */ = {isa = PBXFileReference; lastKnownFileType = text.plist.xml; path = Info.plist; sourceTree = "<group>"; };
		CE0AE3AE26BFE35F00D1058B /* AnimalDetailVC.swift */ = {isa = PBXFileReference; lastKnownFileType = sourcecode.swift; path = AnimalDetailVC.swift; sourceTree = "<group>"; };
		CE0AE3B026C061BD00D1058B /* MapVC.swift */ = {isa = PBXFileReference; lastKnownFileType = sourcecode.swift; path = MapVC.swift; sourceTree = "<group>"; };
		CE0AE3B226C0796300D1058B /* ShelterAnnotationView.swift */ = {isa = PBXFileReference; fileEncoding = 4; lastKnownFileType = sourcecode.swift; path = ShelterAnnotationView.swift; sourceTree = "<group>"; };
		CE0AE3B326C0796300D1058B /* ShelterAnnotation.swift */ = {isa = PBXFileReference; fileEncoding = 4; lastKnownFileType = sourcecode.swift; path = ShelterAnnotation.swift; sourceTree = "<group>"; };
		CE0AE3B626C0797E00D1058B /* ClusterView.swift */ = {isa = PBXFileReference; fileEncoding = 4; lastKnownFileType = sourcecode.swift; path = ClusterView.swift; sourceTree = "<group>"; };
		CE0AE3B826C079A500D1058B /* Data.plist */ = {isa = PBXFileReference; fileEncoding = 4; lastKnownFileType = text.plist.xml; path = Data.plist; sourceTree = "<group>"; };
		CE0D43F826C6ED2100221319 /* ShelterFavOptionPopUpVC.swift */ = {isa = PBXFileReference; lastKnownFileType = sourcecode.swift; path = ShelterFavOptionPopUpVC.swift; sourceTree = "<group>"; };
		CE0D43FA26C6ED3300221319 /* PetFavOptionPopUpVC.swift */ = {isa = PBXFileReference; lastKnownFileType = sourcecode.swift; path = PetFavOptionPopUpVC.swift; sourceTree = "<group>"; };
		CE0D43FC26C6FE4700221319 /* FilterItems.swift */ = {isa = PBXFileReference; lastKnownFileType = sourcecode.swift; path = FilterItems.swift; sourceTree = "<group>"; };
		CE0D4A8F26C1CC3D00366CE0 /* SearchVC.swift */ = {isa = PBXFileReference; lastKnownFileType = sourcecode.swift; path = SearchVC.swift; sourceTree = "<group>"; };
		CE0FA7E426CFE52E0070DC2B /* Favourite.storyboard */ = {isa = PBXFileReference; lastKnownFileType = file.storyboard; path = Favourite.storyboard; sourceTree = "<group>"; };
		CE247A3726C440940075D25B /* DistanceModalVC.swift */ = {isa = PBXFileReference; lastKnownFileType = sourcecode.swift; path = DistanceModalVC.swift; sourceTree = "<group>"; };
		CE247A3926C440B60075D25B /* AgeModalVC.swift */ = {isa = PBXFileReference; lastKnownFileType = sourcecode.swift; path = AgeModalVC.swift; sourceTree = "<group>"; };
		CE247A3B26C440DA0075D25B /* BreadModalVC.swift */ = {isa = PBXFileReference; lastKnownFileType = sourcecode.swift; path = BreadModalVC.swift; sourceTree = "<group>"; };
		CE247A3D26C441220075D25B /* SizeModalVC.swift */ = {isa = PBXFileReference; lastKnownFileType = sourcecode.swift; path = SizeModalVC.swift; sourceTree = "<group>"; };
		CE247A3F26C441410075D25B /* GoodWithModalVC.swift */ = {isa = PBXFileReference; lastKnownFileType = sourcecode.swift; path = GoodWithModalVC.swift; sourceTree = "<group>"; };
		CE247A4126C441730075D25B /* ShelterRescueModalVC.swift */ = {isa = PBXFileReference; lastKnownFileType = sourcecode.swift; path = ShelterRescueModalVC.swift; sourceTree = "<group>"; };
		CE247A4326C4418A0075D25B /* ColarModalVC.swift */ = {isa = PBXFileReference; lastKnownFileType = sourcecode.swift; path = ColarModalVC.swift; sourceTree = "<group>"; };
		CE247A4526C441AD0075D25B /* CoatLengthModalVC.swift */ = {isa = PBXFileReference; lastKnownFileType = sourcecode.swift; path = CoatLengthModalVC.swift; sourceTree = "<group>"; };
		CE247A4726C44B390075D25B /* PSGEnum.swift */ = {isa = PBXFileReference; lastKnownFileType = sourcecode.swift; path = PSGEnum.swift; sourceTree = "<group>"; };
		CE247A4926C467EA0075D25B /* SortModalVC.swift */ = {isa = PBXFileReference; lastKnownFileType = sourcecode.swift; path = SortModalVC.swift; sourceTree = "<group>"; };
		CE29F86926C59ECD008DCA60 /* CreateScheduleModalVC.swift */ = {isa = PBXFileReference; lastKnownFileType = sourcecode.swift; path = CreateScheduleModalVC.swift; sourceTree = "<group>"; };
		CE29F86D26C5DCA1008DCA60 /* FavoriteVC.swift */ = {isa = PBXFileReference; lastKnownFileType = sourcecode.swift; path = FavoriteVC.swift; sourceTree = "<group>"; };
		CE29F86F26C5DCC4008DCA60 /* FavoritePetListVC.swift */ = {isa = PBXFileReference; lastKnownFileType = sourcecode.swift; path = FavoritePetListVC.swift; sourceTree = "<group>"; };
		CE29F87126C5DCD9008DCA60 /* FavoriteShelterListVC.swift */ = {isa = PBXFileReference; lastKnownFileType = sourcecode.swift; path = FavoriteShelterListVC.swift; sourceTree = "<group>"; };
		CE57944D26CD8115001BB55B /* AboutMeVC.swift */ = {isa = PBXFileReference; lastKnownFileType = sourcecode.swift; path = AboutMeVC.swift; sourceTree = "<group>"; };
		CE57944F26CD8FE2001BB55B /* IdealPetVC.swift */ = {isa = PBXFileReference; lastKnownFileType = sourcecode.swift; path = IdealPetVC.swift; sourceTree = "<group>"; };
		CE69B5FF26C2989100BDBE57 /* ShelterDetailVC.swift */ = {isa = PBXFileReference; lastKnownFileType = sourcecode.swift; path = ShelterDetailVC.swift; sourceTree = "<group>"; };
		CE75838326BEF6430028E99C /* PetTabBarController.swift */ = {isa = PBXFileReference; lastKnownFileType = sourcecode.swift; path = PetTabBarController.swift; sourceTree = "<group>"; };
		CE75838526BF2D980028E99C /* PetModel.swift */ = {isa = PBXFileReference; lastKnownFileType = sourcecode.swift; path = PetModel.swift; sourceTree = "<group>"; };
		CE84B0CF26C18EB000667594 /* Schedule.swift */ = {isa = PBXFileReference; lastKnownFileType = sourcecode.swift; path = Schedule.swift; sourceTree = "<group>"; };
		CE84B0D126C18F3C00667594 /* Shelter.swift */ = {isa = PBXFileReference; lastKnownFileType = sourcecode.swift; path = Shelter.swift; sourceTree = "<group>"; };
		CE897DA926C31C6000A33D8E /* OptionVC.swift */ = {isa = PBXFileReference; lastKnownFileType = sourcecode.swift; path = OptionVC.swift; sourceTree = "<group>"; };
		CE96EB6926C083750071009C /* FilterVC.swift */ = {isa = PBXFileReference; lastKnownFileType = sourcecode.swift; path = FilterVC.swift; sourceTree = "<group>"; };
		CEB0B7D426CC4B5000065F66 /* LoginVC.swift */ = {isa = PBXFileReference; lastKnownFileType = sourcecode.swift; path = LoginVC.swift; sourceTree = "<group>"; };
		CEB0B7D626CC588500065F66 /* SignUpVC.swift */ = {isa = PBXFileReference; lastKnownFileType = sourcecode.swift; path = SignUpVC.swift; sourceTree = "<group>"; };
		CEB0B7D826CC631900065F66 /* EditAcountVC.swift */ = {isa = PBXFileReference; lastKnownFileType = sourcecode.swift; path = EditAcountVC.swift; sourceTree = "<group>"; };
		CEB0B7DA26CC6D5100065F66 /* AdopterProfileVC.swift */ = {isa = PBXFileReference; lastKnownFileType = sourcecode.swift; path = AdopterProfileVC.swift; sourceTree = "<group>"; };
		CED6608B26CF046A006EF167 /* IdealPetDetailsVC.swift */ = {isa = PBXFileReference; lastKnownFileType = sourcecode.swift; path = IdealPetDetailsVC.swift; sourceTree = "<group>"; };
		CEDF3F8A26C13CAC00057B1F /* AppExtension.swift */ = {isa = PBXFileReference; lastKnownFileType = sourcecode.swift; path = AppExtension.swift; sourceTree = "<group>"; };
		CEDF3F8D26C15EE900057B1F /* Animal.swift */ = {isa = PBXFileReference; lastKnownFileType = sourcecode.swift; path = Animal.swift; sourceTree = "<group>"; };
		CEE2788526CC1F1600CAEE85 /* AccountVC.swift */ = {isa = PBXFileReference; lastKnownFileType = sourcecode.swift; path = AccountVC.swift; sourceTree = "<group>"; };
		CEE2788926CC32AE00CAEE85 /* SignInModalVC.swift */ = {isa = PBXFileReference; lastKnownFileType = sourcecode.swift; path = SignInModalVC.swift; sourceTree = "<group>"; };
		CEE2788B26CC397600CAEE85 /* SettingInfoVC.swift */ = {isa = PBXFileReference; lastKnownFileType = sourcecode.swift; path = SettingInfoVC.swift; sourceTree = "<group>"; };
		CEE3528D26C84FDF00C3B377 /* Schedule.storyboard */ = {isa = PBXFileReference; lastKnownFileType = file.storyboard; path = Schedule.storyboard; sourceTree = "<group>"; };
		CEE3528F26C8505800C3B377 /* GConstants.swift */ = {isa = PBXFileReference; lastKnownFileType = sourcecode.swift; path = GConstants.swift; sourceTree = "<group>"; };
		CEE3529226C856A800C3B377 /* ScheduleList.swift */ = {isa = PBXFileReference; lastKnownFileType = sourcecode.swift; path = ScheduleList.swift; sourceTree = "<group>"; };
		CEE3529626C856E100C3B377 /* ScheduleVC.swift */ = {isa = PBXFileReference; lastKnownFileType = sourcecode.swift; path = ScheduleVC.swift; sourceTree = "<group>"; };
		CEE3529926C8658500C3B377 /* ScheduleOptionVC.swift */ = {isa = PBXFileReference; lastKnownFileType = sourcecode.swift; path = ScheduleOptionVC.swift; sourceTree = "<group>"; };
		CEE3529B26C8692C00C3B377 /* Home.storyboard */ = {isa = PBXFileReference; lastKnownFileType = file.storyboard; path = Home.storyboard; sourceTree = "<group>"; };
		CEE3529D26C8693B00C3B377 /* Account.storyboard */ = {isa = PBXFileReference; lastKnownFileType = file.storyboard; path = Account.storyboard; sourceTree = "<group>"; };
		CEE3529F26C86AB100C3B377 /* ScheduleDetailVC.swift */ = {isa = PBXFileReference; lastKnownFileType = sourcecode.swift; path = ScheduleDetailVC.swift; sourceTree = "<group>"; };
		CEE352A126C87F6200C3B377 /* ConfirmScheduleVC.swift */ = {isa = PBXFileReference; lastKnownFileType = sourcecode.swift; path = ConfirmScheduleVC.swift; sourceTree = "<group>"; };
/* End PBXFileReference section */

/* Begin PBXFrameworksBuildPhase section */
		BA388AD726BCEF030073E496 /* Frameworks */ = {
			isa = PBXFrameworksBuildPhase;
			buildActionMask = 2147483647;
			files = (
			);
			runOnlyForDeploymentPostprocessing = 0;
		};
/* End PBXFrameworksBuildPhase section */

/* Begin PBXGroup section */
		BA388AD126BCEF030073E496 = {
			isa = PBXGroup;
			children = (
				BA388ADC26BCEF030073E496 /* PetSupportApp */,
				BA388ADB26BCEF030073E496 /* Products */,
			);
			sourceTree = "<group>";
		};
		BA388ADB26BCEF030073E496 /* Products */ = {
			isa = PBXGroup;
			children = (
				BA388ADA26BCEF030073E496 /* PetSupportApp.app */,
			);
			name = Products;
			sourceTree = "<group>";
		};
		BA388ADC26BCEF030073E496 /* PetSupportApp */ = {
			isa = PBXGroup;
			children = (
				CE29F86B26C5C6C4008DCA60 /* View */,
				CEAE070826C24523005BF8CD /* Common */,
				CEAE070926C24538005BF8CD /* Utilities */,
				CEAE070726C24500005BF8CD /* Controller */,
				CEDF3F8C26C14BFF00057B1F /* Model */,
				BA388AE626BCEF060073E496 /* Assets.xcassets */,
				CE0AE3B826C079A500D1058B /* Data.plist */,
				BA388AEB26BCEF060073E496 /* Info.plist */,
			);
			path = PetSupportApp;
			sourceTree = "<group>";
		};
		CE0AE3AD26BFE2F400D1058B /* Home */ = {
			isa = PBXGroup;
			children = (
				CE247A3626C4405E0075D25B /* POpUp */,
				CE0AE3B026C061BD00D1058B /* MapVC.swift */,
				BA388AE126BCEF030073E496 /* HomeVC.swift */,
				CE0AE3AE26BFE35F00D1058B /* AnimalDetailVC.swift */,
				CE69B5FF26C2989100BDBE57 /* ShelterDetailVC.swift */,
				CE96EB6926C083750071009C /* FilterVC.swift */,
				CE0D4A8F26C1CC3D00366CE0 /* SearchVC.swift */,
			);
			path = Home;
			sourceTree = "<group>";
		};
		CE0D43F726C6ECAC00221319 /* PopUp */ = {
			isa = PBXGroup;
			children = (
				CE0D43F826C6ED2100221319 /* ShelterFavOptionPopUpVC.swift */,
				CE0D43FA26C6ED3300221319 /* PetFavOptionPopUpVC.swift */,
			);
			path = PopUp;
			sourceTree = "<group>";
		};
		CE247A3626C4405E0075D25B /* POpUp */ = {
			isa = PBXGroup;
			children = (
				CE897DA926C31C6000A33D8E /* OptionVC.swift */,
				CE247A3726C440940075D25B /* DistanceModalVC.swift */,
				CE247A3B26C440DA0075D25B /* BreadModalVC.swift */,
				CE247A3926C440B60075D25B /* AgeModalVC.swift */,
				CE247A3D26C441220075D25B /* SizeModalVC.swift */,
				CE247A3F26C441410075D25B /* GoodWithModalVC.swift */,
				CE247A4126C441730075D25B /* ShelterRescueModalVC.swift */,
				CE247A4326C4418A0075D25B /* ColarModalVC.swift */,
				CE247A4526C441AD0075D25B /* CoatLengthModalVC.swift */,
				CE247A4926C467EA0075D25B /* SortModalVC.swift */,
				CE29F86926C59ECD008DCA60 /* CreateScheduleModalVC.swift */,
			);
			path = POpUp;
			sourceTree = "<group>";
		};
		CE29F86B26C5C6C4008DCA60 /* View */ = {
			isa = PBXGroup;
			children = (
				CE0AE3B626C0797E00D1058B /* ClusterView.swift */,
				CE0AE3B226C0796300D1058B /* ShelterAnnotationView.swift */,
				CE0AE3B326C0796300D1058B /* ShelterAnnotation.swift */,
				CEE3529D26C8693B00C3B377 /* Account.storyboard */,
				CE0FA7E426CFE52E0070DC2B /* Favourite.storyboard */,
				CEE3529B26C8692C00C3B377 /* Home.storyboard */,
				CEE3528D26C84FDF00C3B377 /* Schedule.storyboard */,
				BA388AE826BCEF060073E496 /* LaunchScreen.storyboard */,
				BA388AE326BCEF030073E496 /* Main.storyboard */,
			);
			path = View;
			sourceTree = "<group>";
		};
		CE29F86C26C5DC5B008DCA60 /* Favorite */ = {
			isa = PBXGroup;
			children = (
				CE0D43F726C6ECAC00221319 /* PopUp */,
				CE29F86D26C5DCA1008DCA60 /* FavoriteVC.swift */,
				CE29F86F26C5DCC4008DCA60 /* FavoritePetListVC.swift */,
				CE29F87126C5DCD9008DCA60 /* FavoriteShelterListVC.swift */,
			);
			path = Favorite;
			sourceTree = "<group>";
		};
		CEAE070726C24500005BF8CD /* Controller */ = {
			isa = PBXGroup;
			children = (
				CE75838326BEF6430028E99C /* PetTabBarController.swift */,
				CEE2788726CC1F1E00CAEE85 /* Account */,
				CEE3529126C8565E00C3B377 /* Schedule */,
				CE29F86C26C5DC5B008DCA60 /* Favorite */,
				CE0AE3AD26BFE2F400D1058B /* Home */,
			);
			path = Controller;
			sourceTree = "<group>";
		};
		CEAE070826C24523005BF8CD /* Common */ = {
			isa = PBXGroup;
			children = (
				BA388ADD26BCEF030073E496 /* AppDelegate.swift */,
				BA388ADF26BCEF030073E496 /* SceneDelegate.swift */,
			);
			path = Common;
			sourceTree = "<group>";
		};
		CEAE070926C24538005BF8CD /* Utilities */ = {
			isa = PBXGroup;
			children = (
				CEDF3F8A26C13CAC00057B1F /* AppExtension.swift */,
				CE247A4726C44B390075D25B /* PSGEnum.swift */,
				CE0D43FC26C6FE4700221319 /* FilterItems.swift */,
				CEE3528F26C8505800C3B377 /* GConstants.swift */,
			);
			path = Utilities;
			sourceTree = "<group>";
		};
		CEDF3F8C26C14BFF00057B1F /* Model */ = {
			isa = PBXGroup;
			children = (
				CE75838526BF2D980028E99C /* PetModel.swift */,
				CEDF3F8D26C15EE900057B1F /* Animal.swift */,
				CE84B0D126C18F3C00667594 /* Shelter.swift */,
				CE84B0CF26C18EB000667594 /* Schedule.swift */,
			);
			path = Model;
			sourceTree = "<group>";
		};
		CEE2788726CC1F1E00CAEE85 /* Account */ = {
			isa = PBXGroup;
			children = (
				CEE2788526CC1F1600CAEE85 /* AccountVC.swift */,
				CE57944F26CD8FE2001BB55B /* IdealPetVC.swift */,
				CED6608B26CF046A006EF167 /* IdealPetDetailsVC.swift */,
				CE57944D26CD8115001BB55B /* AboutMeVC.swift */,
				CEB0B7DA26CC6D5100065F66 /* AdopterProfileVC.swift */,
				CEB0B7D826CC631900065F66 /* EditAcountVC.swift */,
				CEB0B7D626CC588500065F66 /* SignUpVC.swift */,
				CEB0B7D426CC4B5000065F66 /* LoginVC.swift */,
				CEE2788B26CC397600CAEE85 /* SettingInfoVC.swift */,
				CEE2788826CC329700CAEE85 /* PopUp */,
			);
			path = Account;
			sourceTree = "<group>";
		};
		CEE2788826CC329700CAEE85 /* PopUp */ = {
			isa = PBXGroup;
			children = (
				CEE2788926CC32AE00CAEE85 /* SignInModalVC.swift */,
			);
			path = PopUp;
			sourceTree = "<group>";
		};
		CEE3529126C8565E00C3B377 /* Schedule */ = {
			isa = PBXGroup;
			children = (
				CEE3529826C8655600C3B377 /* PopUp */,
				CEE3529626C856E100C3B377 /* ScheduleVC.swift */,
				CEE3529226C856A800C3B377 /* ScheduleList.swift */,
				CEE3529F26C86AB100C3B377 /* ScheduleDetailVC.swift */,
				CEE352A126C87F6200C3B377 /* ConfirmScheduleVC.swift */,
			);
			path = Schedule;
			sourceTree = "<group>";
		};
		CEE3529826C8655600C3B377 /* PopUp */ = {
			isa = PBXGroup;
			children = (
				CEE3529926C8658500C3B377 /* ScheduleOptionVC.swift */,
			);
			path = PopUp;
			sourceTree = "<group>";
		};
/* End PBXGroup section */

/* Begin PBXNativeTarget section */
		BA388AD926BCEF030073E496 /* PetSupportApp */ = {
			isa = PBXNativeTarget;
			buildConfigurationList = BA388AEE26BCEF060073E496 /* Build configuration list for PBXNativeTarget "PetSupportApp" */;
			buildPhases = (
				BA388AD626BCEF030073E496 /* Sources */,
				BA388AD726BCEF030073E496 /* Frameworks */,
				BA388AD826BCEF030073E496 /* Resources */,
			);
			buildRules = (
			);
			dependencies = (
			);
			name = PetSupportApp;
			productName = PetSupportApp;
			productReference = BA388ADA26BCEF030073E496 /* PetSupportApp.app */;
			productType = "com.apple.product-type.application";
		};
/* End PBXNativeTarget section */

/* Begin PBXProject section */
		BA388AD226BCEF030073E496 /* Project object */ = {
			isa = PBXProject;
			attributes = {
				LastSwiftUpdateCheck = 1150;
				LastUpgradeCheck = 1150;
				ORGANIZATIONNAME = "Jun K";
				TargetAttributes = {
					BA388AD926BCEF030073E496 = {
						CreatedOnToolsVersion = 11.5;
					};
				};
			};
			buildConfigurationList = BA388AD526BCEF030073E496 /* Build configuration list for PBXProject "PetSupportApp" */;
			compatibilityVersion = "Xcode 9.3";
			developmentRegion = en;
			hasScannedForEncodings = 0;
			knownRegions = (
				en,
				Base,
			);
			mainGroup = BA388AD126BCEF030073E496;
			productRefGroup = BA388ADB26BCEF030073E496 /* Products */;
			projectDirPath = "";
			projectRoot = "";
			targets = (
				BA388AD926BCEF030073E496 /* PetSupportApp */,
			);
		};
/* End PBXProject section */

/* Begin PBXResourcesBuildPhase section */
		BA388AD826BCEF030073E496 /* Resources */ = {
			isa = PBXResourcesBuildPhase;
			buildActionMask = 2147483647;
			files = (
				CE0FA7E526CFE52E0070DC2B /* Favourite.storyboard in Resources */,
				BA388AEA26BCEF060073E496 /* LaunchScreen.storyboard in Resources */,
				BA388AE726BCEF060073E496 /* Assets.xcassets in Resources */,
				CE0AE3B926C079A600D1058B /* Data.plist in Resources */,
				CEE3529C26C8692C00C3B377 /* Home.storyboard in Resources */,
				BA388AE526BCEF030073E496 /* Main.storyboard in Resources */,
				CEE3528E26C84FDF00C3B377 /* Schedule.storyboard in Resources */,
				CEE3529E26C8693B00C3B377 /* Account.storyboard in Resources */,
			);
			runOnlyForDeploymentPostprocessing = 0;
		};
/* End PBXResourcesBuildPhase section */

/* Begin PBXSourcesBuildPhase section */
		BA388AD626BCEF030073E496 /* Sources */ = {
			isa = PBXSourcesBuildPhase;
			buildActionMask = 2147483647;
			files = (
				CE57944E26CD8115001BB55B /* AboutMeVC.swift in Sources */,
				BA388AE226BCEF030073E496 /* HomeVC.swift in Sources */,
				CE247A4226C441730075D25B /* ShelterRescueModalVC.swift in Sources */,
				CE247A3C26C440DA0075D25B /* BreadModalVC.swift in Sources */,
				CE247A4426C4418A0075D25B /* ColarModalVC.swift in Sources */,
				CE29F86E26C5DCA1008DCA60 /* FavoriteVC.swift in Sources */,
				CE84B0D226C18F3C00667594 /* Shelter.swift in Sources */,
				CE96EB6A26C083750071009C /* FilterVC.swift in Sources */,
				CEE3529026C8505800C3B377 /* GConstants.swift in Sources */,
				CE0D43F926C6ED2100221319 /* ShelterFavOptionPopUpVC.swift in Sources */,
				CE75838426BEF6430028E99C /* PetTabBarController.swift in Sources */,
				CEE352A026C86AB100C3B377 /* ScheduleDetailVC.swift in Sources */,
				CEDF3F8E26C15EE900057B1F /* Animal.swift in Sources */,
				CEE3529326C856A800C3B377 /* ScheduleList.swift in Sources */,
				CEDF3F8B26C13CAC00057B1F /* AppExtension.swift in Sources */,
				CE247A4626C441AD0075D25B /* CoatLengthModalVC.swift in Sources */,
				CE247A3826C440940075D25B /* DistanceModalVC.swift in Sources */,
				CE247A4026C441410075D25B /* GoodWithModalVC.swift in Sources */,
				BA388ADE26BCEF030073E496 /* AppDelegate.swift in Sources */,
				CE29F87026C5DCC4008DCA60 /* FavoritePetListVC.swift in Sources */,
				CE57945026CD8FE2001BB55B /* IdealPetVC.swift in Sources */,
				CE247A3E26C441220075D25B /* SizeModalVC.swift in Sources */,
				CE247A4A26C467EA0075D25B /* SortModalVC.swift in Sources */,
				CE0AE3B726C0797E00D1058B /* ClusterView.swift in Sources */,
				CEB0B7D526CC4B5000065F66 /* LoginVC.swift in Sources */,
				CE247A3A26C440B60075D25B /* AgeModalVC.swift in Sources */,
				CED6608C26CF046A006EF167 /* IdealPetDetailsVC.swift in Sources */,
				CE0D43FB26C6ED3300221319 /* PetFavOptionPopUpVC.swift in Sources */,
				CE0D4A9026C1CC3D00366CE0 /* SearchVC.swift in Sources */,
				CE75838626BF2D980028E99C /* PetModel.swift in Sources */,
				CE0D43FD26C6FE4700221319 /* FilterItems.swift in Sources */,
				CE0AE3B126C061BD00D1058B /* MapVC.swift in Sources */,
				CE0AE3B526C0796300D1058B /* ShelterAnnotation.swift in Sources */,
				CEB0B7D926CC631900065F66 /* EditAcountVC.swift in Sources */,
				CEE352A226C87F6200C3B377 /* ConfirmScheduleVC.swift in Sources */,
				BA388AE026BCEF030073E496 /* SceneDelegate.swift in Sources */,
				CE29F86A26C59ECD008DCA60 /* CreateScheduleModalVC.swift in Sources */,
				CEE3529A26C8658500C3B377 /* ScheduleOptionVC.swift in Sources */,
				CEE2788C26CC397600CAEE85 /* SettingInfoVC.swift in Sources */,
				CE247A4826C44B390075D25B /* PSGEnum.swift in Sources */,
				CEB0B7D726CC588500065F66 /* SignUpVC.swift in Sources */,
				CE29F87226C5DCD9008DCA60 /* FavoriteShelterListVC.swift in Sources */,
				CEE2788A26CC32AE00CAEE85 /* SignInModalVC.swift in Sources */,
				CE0AE3AF26BFE35F00D1058B /* AnimalDetailVC.swift in Sources */,
				CE897DAA26C31C6100A33D8E /* OptionVC.swift in Sources */,
				CEB0B7DB26CC6D5100065F66 /* AdopterProfileVC.swift in Sources */,
				CEE3529726C856E100C3B377 /* ScheduleVC.swift in Sources */,
				CEE2788626CC1F1600CAEE85 /* AccountVC.swift in Sources */,
				CE84B0D026C18EB000667594 /* Schedule.swift in Sources */,
				CE69B60026C2989100BDBE57 /* ShelterDetailVC.swift in Sources */,
				CE0AE3B426C0796300D1058B /* ShelterAnnotationView.swift in Sources */,
			);
			runOnlyForDeploymentPostprocessing = 0;
		};
/* End PBXSourcesBuildPhase section */

/* Begin PBXVariantGroup section */
		BA388AE326BCEF030073E496 /* Main.storyboard */ = {
			isa = PBXVariantGroup;
			children = (
				BA388AE426BCEF030073E496 /* Base */,
			);
			name = Main.storyboard;
			sourceTree = "<group>";
		};
		BA388AE826BCEF060073E496 /* LaunchScreen.storyboard */ = {
			isa = PBXVariantGroup;
			children = (
				BA388AE926BCEF060073E496 /* Base */,
			);
			name = LaunchScreen.storyboard;
			sourceTree = "<group>";
		};
/* End PBXVariantGroup section */

/* Begin XCBuildConfiguration section */
		BA388AEC26BCEF060073E496 /* Debug */ = {
			isa = XCBuildConfiguration;
			buildSettings = {
				ALWAYS_SEARCH_USER_PATHS = NO;
				CLANG_ANALYZER_NONNULL = YES;
				CLANG_ANALYZER_NUMBER_OBJECT_CONVERSION = YES_AGGRESSIVE;
				CLANG_CXX_LANGUAGE_STANDARD = "gnu++14";
				CLANG_CXX_LIBRARY = "libc++";
				CLANG_ENABLE_MODULES = YES;
				CLANG_ENABLE_OBJC_ARC = YES;
				CLANG_ENABLE_OBJC_WEAK = YES;
				CLANG_WARN_BLOCK_CAPTURE_AUTORELEASING = YES;
				CLANG_WARN_BOOL_CONVERSION = YES;
				CLANG_WARN_COMMA = YES;
				CLANG_WARN_CONSTANT_CONVERSION = YES;
				CLANG_WARN_DEPRECATED_OBJC_IMPLEMENTATIONS = YES;
				CLANG_WARN_DIRECT_OBJC_ISA_USAGE = YES_ERROR;
				CLANG_WARN_DOCUMENTATION_COMMENTS = YES;
				CLANG_WARN_EMPTY_BODY = YES;
				CLANG_WARN_ENUM_CONVERSION = YES;
				CLANG_WARN_INFINITE_RECURSION = YES;
				CLANG_WARN_INT_CONVERSION = YES;
				CLANG_WARN_NON_LITERAL_NULL_CONVERSION = YES;
				CLANG_WARN_OBJC_IMPLICIT_RETAIN_SELF = YES;
				CLANG_WARN_OBJC_LITERAL_CONVERSION = YES;
				CLANG_WARN_OBJC_ROOT_CLASS = YES_ERROR;
				CLANG_WARN_RANGE_LOOP_ANALYSIS = YES;
				CLANG_WARN_STRICT_PROTOTYPES = YES;
				CLANG_WARN_SUSPICIOUS_MOVE = YES;
				CLANG_WARN_UNGUARDED_AVAILABILITY = YES_AGGRESSIVE;
				CLANG_WARN_UNREACHABLE_CODE = YES;
				CLANG_WARN__DUPLICATE_METHOD_MATCH = YES;
				COPY_PHASE_STRIP = NO;
				DEBUG_INFORMATION_FORMAT = dwarf;
				ENABLE_STRICT_OBJC_MSGSEND = YES;
				ENABLE_TESTABILITY = YES;
				GCC_C_LANGUAGE_STANDARD = gnu11;
				GCC_DYNAMIC_NO_PIC = NO;
				GCC_NO_COMMON_BLOCKS = YES;
				GCC_OPTIMIZATION_LEVEL = 0;
				GCC_PREPROCESSOR_DEFINITIONS = (
					"DEBUG=1",
					"$(inherited)",
				);
				GCC_WARN_64_TO_32_BIT_CONVERSION = YES;
				GCC_WARN_ABOUT_RETURN_TYPE = YES_ERROR;
				GCC_WARN_UNDECLARED_SELECTOR = YES;
				GCC_WARN_UNINITIALIZED_AUTOS = YES_AGGRESSIVE;
				GCC_WARN_UNUSED_FUNCTION = YES;
				GCC_WARN_UNUSED_VARIABLE = YES;
				IPHONEOS_DEPLOYMENT_TARGET = 13.5;
				MTL_ENABLE_DEBUG_INFO = INCLUDE_SOURCE;
				MTL_FAST_MATH = YES;
				ONLY_ACTIVE_ARCH = YES;
				SDKROOT = iphoneos;
				SWIFT_ACTIVE_COMPILATION_CONDITIONS = DEBUG;
				SWIFT_OPTIMIZATION_LEVEL = "-Onone";
			};
			name = Debug;
		};
		BA388AED26BCEF060073E496 /* Release */ = {
			isa = XCBuildConfiguration;
			buildSettings = {
				ALWAYS_SEARCH_USER_PATHS = NO;
				CLANG_ANALYZER_NONNULL = YES;
				CLANG_ANALYZER_NUMBER_OBJECT_CONVERSION = YES_AGGRESSIVE;
				CLANG_CXX_LANGUAGE_STANDARD = "gnu++14";
				CLANG_CXX_LIBRARY = "libc++";
				CLANG_ENABLE_MODULES = YES;
				CLANG_ENABLE_OBJC_ARC = YES;
				CLANG_ENABLE_OBJC_WEAK = YES;
				CLANG_WARN_BLOCK_CAPTURE_AUTORELEASING = YES;
				CLANG_WARN_BOOL_CONVERSION = YES;
				CLANG_WARN_COMMA = YES;
				CLANG_WARN_CONSTANT_CONVERSION = YES;
				CLANG_WARN_DEPRECATED_OBJC_IMPLEMENTATIONS = YES;
				CLANG_WARN_DIRECT_OBJC_ISA_USAGE = YES_ERROR;
				CLANG_WARN_DOCUMENTATION_COMMENTS = YES;
				CLANG_WARN_EMPTY_BODY = YES;
				CLANG_WARN_ENUM_CONVERSION = YES;
				CLANG_WARN_INFINITE_RECURSION = YES;
				CLANG_WARN_INT_CONVERSION = YES;
				CLANG_WARN_NON_LITERAL_NULL_CONVERSION = YES;
				CLANG_WARN_OBJC_IMPLICIT_RETAIN_SELF = YES;
				CLANG_WARN_OBJC_LITERAL_CONVERSION = YES;
				CLANG_WARN_OBJC_ROOT_CLASS = YES_ERROR;
				CLANG_WARN_RANGE_LOOP_ANALYSIS = YES;
				CLANG_WARN_STRICT_PROTOTYPES = YES;
				CLANG_WARN_SUSPICIOUS_MOVE = YES;
				CLANG_WARN_UNGUARDED_AVAILABILITY = YES_AGGRESSIVE;
				CLANG_WARN_UNREACHABLE_CODE = YES;
				CLANG_WARN__DUPLICATE_METHOD_MATCH = YES;
				COPY_PHASE_STRIP = NO;
				DEBUG_INFORMATION_FORMAT = "dwarf-with-dsym";
				ENABLE_NS_ASSERTIONS = NO;
				ENABLE_STRICT_OBJC_MSGSEND = YES;
				GCC_C_LANGUAGE_STANDARD = gnu11;
				GCC_NO_COMMON_BLOCKS = YES;
				GCC_WARN_64_TO_32_BIT_CONVERSION = YES;
				GCC_WARN_ABOUT_RETURN_TYPE = YES_ERROR;
				GCC_WARN_UNDECLARED_SELECTOR = YES;
				GCC_WARN_UNINITIALIZED_AUTOS = YES_AGGRESSIVE;
				GCC_WARN_UNUSED_FUNCTION = YES;
				GCC_WARN_UNUSED_VARIABLE = YES;
				IPHONEOS_DEPLOYMENT_TARGET = 13.5;
				MTL_ENABLE_DEBUG_INFO = NO;
				MTL_FAST_MATH = YES;
				SDKROOT = iphoneos;
				SWIFT_COMPILATION_MODE = wholemodule;
				SWIFT_OPTIMIZATION_LEVEL = "-O";
				VALIDATE_PRODUCT = YES;
			};
			name = Release;
		};
		BA388AEF26BCEF060073E496 /* Debug */ = {
			isa = XCBuildConfiguration;
			buildSettings = {
				ASSETCATALOG_COMPILER_APPICON_NAME = AppIcon;
				CODE_SIGN_STYLE = Automatic;
				DEVELOPMENT_TEAM = B78RE88UQ5;
				INFOPLIST_FILE = PetSupportApp/Info.plist;
				LD_RUNPATH_SEARCH_PATHS = (
					"$(inherited)",
					"@executable_path/Frameworks",
				);
				PRODUCT_BUNDLE_IDENTIFIER = Jun.PetSupportApp;
				PRODUCT_NAME = "$(TARGET_NAME)";
				SWIFT_VERSION = 5.0;
				TARGETED_DEVICE_FAMILY = "1,2";
			};
			name = Debug;
		};
		BA388AF026BCEF060073E496 /* Release */ = {
			isa = XCBuildConfiguration;
			buildSettings = {
				ASSETCATALOG_COMPILER_APPICON_NAME = AppIcon;
				CODE_SIGN_STYLE = Automatic;
				DEVELOPMENT_TEAM = B78RE88UQ5;
				INFOPLIST_FILE = PetSupportApp/Info.plist;
				LD_RUNPATH_SEARCH_PATHS = (
					"$(inherited)",
					"@executable_path/Frameworks",
				);
				PRODUCT_BUNDLE_IDENTIFIER = Jun.PetSupportApp;
				PRODUCT_NAME = "$(TARGET_NAME)";
				SWIFT_VERSION = 5.0;
				TARGETED_DEVICE_FAMILY = "1,2";
			};
			name = Release;
		};
/* End XCBuildConfiguration section */

/* Begin XCConfigurationList section */
		BA388AD526BCEF030073E496 /* Build configuration list for PBXProject "PetSupportApp" */ = {
			isa = XCConfigurationList;
			buildConfigurations = (
				BA388AEC26BCEF060073E496 /* Debug */,
				BA388AED26BCEF060073E496 /* Release */,
			);
			defaultConfigurationIsVisible = 0;
			defaultConfigurationName = Release;
		};
		BA388AEE26BCEF060073E496 /* Build configuration list for PBXNativeTarget "PetSupportApp" */ = {
			isa = XCConfigurationList;
			buildConfigurations = (
				BA388AEF26BCEF060073E496 /* Debug */,
				BA388AF026BCEF060073E496 /* Release */,
			);
			defaultConfigurationIsVisible = 0;
			defaultConfigurationName = Release;
		};
/* End XCConfigurationList section */
	};
	rootObject = BA388AD226BCEF030073E496 /* Project object */;
}
